// !$*UTF8*$!
{
	archiveVersion = 1;
	classes = {
	};
	objectVersion = 50;
	objects = {

/* Begin PBXBuildFile section */
		052182E72500A75300946D94 /* Hit.wav in Resources */ = {isa = PBXBuildFile; fileRef = 052182E62500A75300946D94 /* Hit.wav */; };
		054789BC250019440078F80F /* AppDelegate.swift in Sources */ = {isa = PBXBuildFile; fileRef = 054789BB250019440078F80F /* AppDelegate.swift */; };
		054789BE250019440078F80F /* GameScene.sks in Resources */ = {isa = PBXBuildFile; fileRef = 054789BD250019440078F80F /* GameScene.sks */; };
		054789C0250019440078F80F /* Actions.sks in Resources */ = {isa = PBXBuildFile; fileRef = 054789BF250019440078F80F /* Actions.sks */; };
		054789C2250019440078F80F /* GameScene.swift in Sources */ = {isa = PBXBuildFile; fileRef = 054789C1250019440078F80F /* GameScene.swift */; };
		054789C4250019440078F80F /* GameViewController.swift in Sources */ = {isa = PBXBuildFile; fileRef = 054789C3250019440078F80F /* GameViewController.swift */; };
		054789C7250019440078F80F /* Main.storyboard in Resources */ = {isa = PBXBuildFile; fileRef = 054789C5250019440078F80F /* Main.storyboard */; };
		054789C9250019440078F80F /* Assets.xcassets in Resources */ = {isa = PBXBuildFile; fileRef = 054789C8250019440078F80F /* Assets.xcassets */; };
		054789CC250019440078F80F /* LaunchScreen.storyboard in Resources */ = {isa = PBXBuildFile; fileRef = 054789CA250019440078F80F /* LaunchScreen.storyboard */; };
/* End PBXBuildFile section */

/* Begin PBXFileReference section */
		052182E62500A75300946D94 /* Hit.wav */ = {isa = PBXFileReference; lastKnownFileType = audio.wav; path = Hit.wav; sourceTree = "<group>"; };
		054789B8250019440078F80F /* DemoSpriteKit.app */ = {isa = PBXFileReference; explicitFileType = wrapper.application; includeInIndex = 0; path = DemoSpriteKit.app; sourceTree = BUILT_PRODUCTS_DIR; };
		054789BB250019440078F80F /* AppDelegate.swift */ = {isa = PBXFileReference; lastKnownFileType = sourcecode.swift; path = AppDelegate.swift; sourceTree = "<group>"; };
		054789BD250019440078F80F /* GameScene.sks */ = {isa = PBXFileReference; lastKnownFileType = file.sks; path = GameScene.sks; sourceTree = "<group>"; };
		054789BF250019440078F80F /* Actions.sks */ = {isa = PBXFileReference; lastKnownFileType = file.sks; path = Actions.sks; sourceTree = "<group>"; };
		054789C1250019440078F80F /* GameScene.swift */ = {isa = PBXFileReference; lastKnownFileType = sourcecode.swift; path = GameScene.swift; sourceTree = "<group>"; };
		054789C3250019440078F80F /* GameViewController.swift */ = {isa = PBXFileReference; lastKnownFileType = sourcecode.swift; path = GameViewController.swift; sourceTree = "<group>"; };
		054789C6250019440078F80F /* Base */ = {isa = PBXFileReference; lastKnownFileType = file.storyboard; name = Base; path = Base.lproj/Main.storyboard; sourceTree = "<group>"; };
		054789C8250019440078F80F /* Assets.xcassets */ = {isa = PBXFileReference; lastKnownFileType = folder.assetcatalog; path = Assets.xcassets; sourceTree = "<group>"; };
		054789CB250019440078F80F /* Base */ = {isa = PBXFileReference; lastKnownFileType = file.storyboard; name = Base; path = Base.lproj/LaunchScreen.storyboard; sourceTree = "<group>"; };
		054789CD250019440078F80F /* Info.plist */ = {isa = PBXFileReference; lastKnownFileType = text.plist.xml; path = Info.plist; sourceTree = "<group>"; };
/* End PBXFileReference section */

/* Begin PBXFrameworksBuildPhase section */
		054789B5250019440078F80F /* Frameworks */ = {
			isa = PBXFrameworksBuildPhase;
			buildActionMask = 2147483647;
			files = (
			);
			runOnlyForDeploymentPostprocessing = 0;
		};
/* End PBXFrameworksBuildPhase section */

/* Begin PBXGroup section */
		052182E52500A73200946D94 /* Sound */ = {
			isa = PBXGroup;
			children = (
				052182E62500A75300946D94 /* Hit.wav */,
			);
			path = Sound;
			sourceTree = "<group>";
		};
		054789AF250019440078F80F = {
			isa = PBXGroup;
			children = (
				054789BA250019440078F80F /* DemoSpriteKit */,
				054789B9250019440078F80F /* Products */,
			);
			sourceTree = "<group>";
		};
		054789B9250019440078F80F /* Products */ = {
			isa = PBXGroup;
			children = (
				054789B8250019440078F80F /* DemoSpriteKit.app */,
			);
			name = Products;
			sourceTree = "<group>";
		};
		054789BA250019440078F80F /* DemoSpriteKit */ = {
			isa = PBXGroup;
			children = (
				052182E52500A73200946D94 /* Sound */,
				054789D325001E6F0078F80F /* Model */,
				054789BB250019440078F80F /* AppDelegate.swift */,
				054789BD250019440078F80F /* GameScene.sks */,
				054789BF250019440078F80F /* Actions.sks */,
				054789C1250019440078F80F /* GameScene.swift */,
				054789C3250019440078F80F /* GameViewController.swift */,
				054789C5250019440078F80F /* Main.storyboard */,
				054789C8250019440078F80F /* Assets.xcassets */,
				054789CA250019440078F80F /* LaunchScreen.storyboard */,
				054789CD250019440078F80F /* Info.plist */,
			);
			path = DemoSpriteKit;
			sourceTree = "<group>";
		};
		054789D325001E6F0078F80F /* Model */ = {
			isa = PBXGroup;
			children = (
			);
			path = Model;
			sourceTree = "<group>";
		};
/* End PBXGroup section */

/* Begin PBXNativeTarget section */
		054789B7250019440078F80F /* DemoSpriteKit */ = {
			isa = PBXNativeTarget;
			buildConfigurationList = 054789D0250019440078F80F /* Build configuration list for PBXNativeTarget "DemoSpriteKit" */;
			buildPhases = (
				054789B4250019440078F80F /* Sources */,
				054789B5250019440078F80F /* Frameworks */,
				054789B6250019440078F80F /* Resources */,
			);
			buildRules = (
			);
			dependencies = (
			);
			name = DemoSpriteKit;
			productName = DemoSpriteKit;
			productReference = 054789B8250019440078F80F /* DemoSpriteKit.app */;
			productType = "com.apple.product-type.application";
		};
/* End PBXNativeTarget section */

/* Begin PBXProject section */
		054789B0250019440078F80F /* Project object */ = {
			isa = PBXProject;
			attributes = {
				LastSwiftUpdateCheck = 1160;
				LastUpgradeCheck = 1160;
				ORGANIZATIONNAME = IgorMiyamoto;
				TargetAttributes = {
					054789B7250019440078F80F = {
						CreatedOnToolsVersion = 11.6;
					};
				};
			};
			buildConfigurationList = 054789B3250019440078F80F /* Build configuration list for PBXProject "DemoSpriteKit" */;
			compatibilityVersion = "Xcode 9.3";
			developmentRegion = en;
			hasScannedForEncodings = 0;
			knownRegions = (
				en,
				Base,
			);
			mainGroup = 054789AF250019440078F80F;
			productRefGroup = 054789B9250019440078F80F /* Products */;
			projectDirPath = "";
			projectRoot = "";
			targets = (
				054789B7250019440078F80F /* DemoSpriteKit */,
			);
		};
/* End PBXProject section */

/* Begin PBXResourcesBuildPhase section */
		054789B6250019440078F80F /* Resources */ = {
			isa = PBXResourcesBuildPhase;
			buildActionMask = 2147483647;
			files = (
				052182E72500A75300946D94 /* Hit.wav in Resources */,
				054789C7250019440078F80F /* Main.storyboard in Resources */,
				054789BE250019440078F80F /* GameScene.sks in Resources */,
				054789C9250019440078F80F /* Assets.xcassets in Resources */,
				054789CC250019440078F80F /* LaunchScreen.storyboard in Resources */,
				054789C0250019440078F80F /* Actions.sks in Resources */,
			);
			runOnlyForDeploymentPostprocessing = 0;
		};
/* End PBXResourcesBuildPhase section */

/* Begin PBXSourcesBuildPhase section */
		054789B4250019440078F80F /* Sources */ = {
			isa = PBXSourcesBuildPhase;
			buildActionMask = 2147483647;
			files = (
				054789C2250019440078F80F /* GameScene.swift in Sources */,
				054789C4250019440078F80F /* GameViewController.swift in Sources */,
				054789BC250019440078F80F /* AppDelegate.swift in Sources */,
			);
			runOnlyForDeploymentPostprocessing = 0;
		};
/* End PBXSourcesBuildPhase section */

/* Begin PBXVariantGroup section */
		054789C5250019440078F80F /* Main.storyboard */ = {
			isa = PBXVariantGroup;
			children = (
				054789C6250019440078F80F /* Base */,
			);
			name = Main.storyboard;
			sourceTree = "<group>";
		};
		054789CA250019440078F80F /* LaunchScreen.storyboard */ = {
			isa = PBXVariantGroup;
			children = (
				054789CB250019440078F80F /* Base */,
			);
			name = LaunchScreen.storyboard;
			sourceTree = "<group>";
		};
/* End PBXVariantGroup section */

/* Begin XCBuildConfiguration section */
		054789CE250019440078F80F /* Debug */ = {
			isa = XCBuildConfiguration;
			buildSettings = {
				ALWAYS_SEARCH_USER_PATHS = NO;
				CLANG_ANALYZER_NONNULL = YES;
				CLANG_ANALYZER_NUMBER_OBJECT_CONVERSION = YES_AGGRESSIVE;
				CLANG_CXX_LANGUAGE_STANDARD = "gnu++14";
				CLANG_CXX_LIBRARY = "libc++";
				CLANG_ENABLE_MODULES = YES;
				CLANG_ENABLE_OBJC_ARC = YES;
				CLANG_ENABLE_OBJC_WEAK = YES;
				CLANG_WARN_BLOCK_CAPTURE_AUTORELEASING = YES;
				CLANG_WARN_BOOL_CONVERSION = YES;
				CLANG_WARN_COMMA = YES;
				CLANG_WARN_CONSTANT_CONVERSION = YES;
				CLANG_WARN_DEPRECATED_OBJC_IMPLEMENTATIONS = YES;
				CLANG_WARN_DIRECT_OBJC_ISA_USAGE = YES_ERROR;
				CLANG_WARN_DOCUMENTATION_COMMENTS = YES;
				CLANG_WARN_EMPTY_BODY = YES;
				CLANG_WARN_ENUM_CONVERSION = YES;
				CLANG_WARN_INFINITE_RECURSION = YES;
				CLANG_WARN_INT_CONVERSION = YES;
				CLANG_WARN_NON_LITERAL_NULL_CONVERSION = YES;
				CLANG_WARN_OBJC_IMPLICIT_RETAIN_SELF = YES;
				CLANG_WARN_OBJC_LITERAL_CONVERSION = YES;
				CLANG_WARN_OBJC_ROOT_CLASS = YES_ERROR;
				CLANG_WARN_RANGE_LOOP_ANALYSIS = YES;
				CLANG_WARN_STRICT_PROTOTYPES = YES;
				CLANG_WARN_SUSPICIOUS_MOVE = YES;
				CLANG_WARN_UNGUARDED_AVAILABILITY = YES_AGGRESSIVE;
				CLANG_WARN_UNREACHABLE_CODE = YES;
				CLANG_WARN__DUPLICATE_METHOD_MATCH = YES;
				COPY_PHASE_STRIP = NO;
				DEBUG_INFORMATION_FORMAT = dwarf;
				ENABLE_STRICT_OBJC_MSGSEND = YES;
				ENABLE_TESTABILITY = YES;
				GCC_C_LANGUAGE_STANDARD = gnu11;
				GCC_DYNAMIC_NO_PIC = NO;
				GCC_NO_COMMON_BLOCKS = YES;
				GCC_OPTIMIZATION_LEVEL = 0;
				GCC_PREPROCESSOR_DEFINITIONS = (
					"DEBUG=1",
					"$(inherited)",
				);
				GCC_WARN_64_TO_32_BIT_CONVERSION = YES;
				GCC_WARN_ABOUT_RETURN_TYPE = YES_ERROR;
				GCC_WARN_UNDECLARED_SELECTOR = YES;
				GCC_WARN_UNINITIALIZED_AUTOS = YES_AGGRESSIVE;
				GCC_WARN_UNUSED_FUNCTION = YES;
				GCC_WARN_UNUSED_VARIABLE = YES;
				IPHONEOS_DEPLOYMENT_TARGET = 13.6;
				MTL_ENABLE_DEBUG_INFO = INCLUDE_SOURCE;
				MTL_FAST_MATH = YES;
				ONLY_ACTIVE_ARCH = YES;
				SDKROOT = iphoneos;
				SWIFT_ACTIVE_COMPILATION_CONDITIONS = DEBUG;
				SWIFT_OPTIMIZATION_LEVEL = "-Onone";
			};
			name = Debug;
		};
		054789CF250019440078F80F /* Release */ = {
			isa = XCBuildConfiguration;
			buildSettings = {
				ALWAYS_SEARCH_USER_PATHS = NO;
				CLANG_ANALYZER_NONNULL = YES;
				CLANG_ANALYZER_NUMBER_OBJECT_CONVERSION = YES_AGGRESSIVE;
				CLANG_CXX_LANGUAGE_STANDARD = "gnu++14";
				CLANG_CXX_LIBRARY = "libc++";
				CLANG_ENABLE_MODULES = YES;
				CLANG_ENABLE_OBJC_ARC = YES;
				CLANG_ENABLE_OBJC_WEAK = YES;
				CLANG_WARN_BLOCK_CAPTURE_AUTORELEASING = YES;
				CLANG_WARN_BOOL_CONVERSION = YES;
				CLANG_WARN_COMMA = YES;
				CLANG_WARN_CONSTANT_CONVERSION = YES;
				CLANG_WARN_DEPRECATED_OBJC_IMPLEMENTATIONS = YES;
				CLANG_WARN_DIRECT_OBJC_ISA_USAGE = YES_ERROR;
				CLANG_WARN_DOCUMENTATION_COMMENTS = YES;
				CLANG_WARN_EMPTY_BODY = YES;
				CLANG_WARN_ENUM_CONVERSION = YES;
				CLANG_WARN_INFINITE_RECURSION = YES;
				CLANG_WARN_INT_CONVERSION = YES;
				CLANG_WARN_NON_LITERAL_NULL_CONVERSION = YES;
				CLANG_WARN_OBJC_IMPLICIT_RETAIN_SELF = YES;
				CLANG_WARN_OBJC_LITERAL_CONVERSION = YES;
				CLANG_WARN_OBJC_ROOT_CLASS = YES_ERROR;
				CLANG_WARN_RANGE_LOOP_ANALYSIS = YES;
				CLANG_WARN_STRICT_PROTOTYPES = YES;
				CLANG_WARN_SUSPICIOUS_MOVE = YES;
				CLANG_WARN_UNGUARDED_AVAILABILITY = YES_AGGRESSIVE;
				CLANG_WARN_UNREACHABLE_CODE = YES;
				CLANG_WARN__DUPLICATE_METHOD_MATCH = YES;
				COPY_PHASE_STRIP = NO;
				DEBUG_INFORMATION_FORMAT = "dwarf-with-dsym";
				ENABLE_NS_ASSERTIONS = NO;
				ENABLE_STRICT_OBJC_MSGSEND = YES;
				GCC_C_LANGUAGE_STANDARD = gnu11;
				GCC_NO_COMMON_BLOCKS = YES;
				GCC_WARN_64_TO_32_BIT_CONVERSION = YES;
				GCC_WARN_ABOUT_RETURN_TYPE = YES_ERROR;
				GCC_WARN_UNDECLARED_SELECTOR = YES;
				GCC_WARN_UNINITIALIZED_AUTOS = YES_AGGRESSIVE;
				GCC_WARN_UNUSED_FUNCTION = YES;
				GCC_WARN_UNUSED_VARIABLE = YES;
				IPHONEOS_DEPLOYMENT_TARGET = 13.6;
				MTL_ENABLE_DEBUG_INFO = NO;
				MTL_FAST_MATH = YES;
				SDKROOT = iphoneos;
				SWIFT_COMPILATION_MODE = wholemodule;
				SWIFT_OPTIMIZATION_LEVEL = "-O";
				VALIDATE_PRODUCT = YES;
			};
			name = Release;
		};
		054789D1250019440078F80F /* Debug */ = {
			isa = XCBuildConfiguration;
			buildSettings = {
				ASSETCATALOG_COMPILER_APPICON_NAME = AppIcon;
				CODE_SIGN_STYLE = Automatic;
				INFOPLIST_FILE = DemoSpriteKit/Info.plist;
				LD_RUNPATH_SEARCH_PATHS = (
					"$(inherited)",
					"@executable_path/Frameworks",
				);
				PRODUCT_BUNDLE_IDENTIFIER = com.igorkenzo.DemoSpriteKit;
				PRODUCT_NAME = "$(TARGET_NAME)";
				SWIFT_VERSION = 5.0;
				TARGETED_DEVICE_FAMILY = "1,2";
			};
			name = Debug;
		};
		054789D2250019440078F80F /* Release */ = {
			isa = XCBuildConfiguration;
			buildSettings = {
				ASSETCATALOG_COMPILER_APPICON_NAME = AppIcon;
				CODE_SIGN_STYLE = Automatic;
				INFOPLIST_FILE = DemoSpriteKit/Info.plist;
				LD_RUNPATH_SEARCH_PATHS = (
					"$(inherited)",
					"@executable_path/Frameworks",
				);
				PRODUCT_BUNDLE_IDENTIFIER = com.igorkenzo.DemoSpriteKit;
				PRODUCT_NAME = "$(TARGET_NAME)";
				SWIFT_VERSION = 5.0;
				TARGETED_DEVICE_FAMILY = "1,2";
			};
			name = Release;
		};
/* End XCBuildConfiguration section */

/* Begin XCConfigurationList section */
		054789B3250019440078F80F /* Build configuration list for PBXProject "DemoSpriteKit" */ = {
			isa = XCConfigurationList;
			buildConfigurations = (
				054789CE250019440078F80F /* Debug */,
				054789CF250019440078F80F /* Release */,
			);
			defaultConfigurationIsVisible = 0;
			defaultConfigurationName = Release;
		};
		054789D0250019440078F80F /* Build configuration list for PBXNativeTarget "DemoSpriteKit" */ = {
			isa = XCConfigurationList;
			buildConfigurations = (
				054789D1250019440078F80F /* Debug */,
				054789D2250019440078F80F /* Release */,
			);
			defaultConfigurationIsVisible = 0;
			defaultConfigurationName = Release;
		};
/* End XCConfigurationList section */
	};
	rootObject = 054789B0250019440078F80F /* Project object */;
}
